
Microsoft Visual Studio Solution File, Format Version 12.00
# Visual Studio Version 17
VisualStudioVersion = 17.13.35931.197
MinimumVisualStudioVersion = 10.0.40219.1
Project("{FAE04EC0-301F-11D3-BF4B-00C04F79EFBC}") = "EazyRent", "EazyRent\EazyRent.csproj", "{6E074D89-5E93-431B-868D-A7CBDAFE2A02}"
EndProject
Project("{FAE04EC0-301F-11D3-BF4B-00C04F79EFBC}") = "TestProject1", "TestProject1\TestProject1.csproj", "{6F4C62A3-2AA0-4789-B9AA-1DA377661D90}"
EndProject
Global
	GlobalSection(SolutionConfigurationPlatforms) = preSolution
		Debug|Any CPU = Debug|Any CPU
		Release|Any CPU = Release|Any CPU
	EndGlobalSection
	GlobalSection(ProjectConfigurationPlatforms) = postSolution
		{6E074D89-5E93-431B-868D-A7CBDAFE2A02}.Debug|Any CPU.ActiveCfg = Debug|Any CPU
		{6E074D89-5E93-431B-868D-A7CBDAFE2A02}.Debug|Any CPU.Build.0 = Debug|Any CPU
		{6E074D89-5E93-431B-868D-A7CBDAFE2A02}.Release|Any CPU.ActiveCfg = Release|Any CPU
		{6E074D89-5E93-431B-868D-A7CBDAFE2A02}.Release|Any CPU.Build.0 = Release|Any CPU
		{6F4C62A3-2AA0-4789-B9AA-1DA377661D90}.Debug|Any CPU.ActiveCfg = Debug|Any CPU
		{6F4C62A3-2AA0-4789-B9AA-1DA377661D90}.Debug|Any CPU.Build.0 = Debug|Any CPU
		{6F4C62A3-2AA0-4789-B9AA-1DA377661D90}.Release|Any CPU.ActiveCfg = Release|Any CPU
		{6F4C62A3-2AA0-4789-B9AA-1DA377661D90}.Release|Any CPU.Build.0 = Release|Any CPU
	EndGlobalSection
	GlobalSection(SolutionProperties) = preSolution
		HideSolutionNode = FALSE
	EndGlobalSection
	GlobalSection(ExtensibilityGlobals) = postSolution
		SolutionGuid = {B29ECB66-20D4-4E7B-AB90-9C4F86625A50}
	EndGlobalSection
EndGlobal
