Microsoft Visual Studio Solution File, Format Version 12.00
# Visual Studio Version 17
VisualStudioVersion = 17.5.2.0
MinimumVisualStudioVersion = 10.0.40219.1
Project("{FAE04EC0-301F-11D3-BF4B-00C04F79EFBC}") = "EazyRent", "EazyRent.csproj", "{8D26BB6E-5C9D-2A0F-F250-19EDB400E115}"
EndProject
Global
	GlobalSection(SolutionConfigurationPlatforms) = preSolution
		Debug|Any CPU = Debug|Any CPU
		Release|Any CPU = Release|Any CPU
	EndGlobalSection
	GlobalSection(ProjectConfigurationPlatforms) = postSolution
		{8D26BB6E-5C9D-2A0F-F250-19EDB400E115}.Debug|Any CPU.ActiveCfg = Debug|Any CPU
		{8D26BB6E-5C9D-2A0F-F250-19EDB400E115}.Debug|Any CPU.Build.0 = Debug|Any CPU
		{8D26BB6E-5C9D-2A0F-F250-19EDB400E115}.Release|Any CPU.ActiveCfg = Release|Any CPU
		{8D26BB6E-5C9D-2A0F-F250-19EDB400E115}.Release|Any CPU.Build.0 = Release|Any CPU
	EndGlobalSection
	GlobalSection(SolutionProperties) = preSolution
		HideSolutionNode = FALSE
	EndGlobalSection
	GlobalSection(ExtensibilityGlobals) = postSolution
		SolutionGuid = {6C27645D-F230-4D06-82A4-384B6FF59924}
	EndGlobalSection
EndGlobal
